// !$*UTF8*$!
{
	archiveVersion = 1;
	classes = {
	};
	objectVersion = 56;
	objects = {

/* Begin PBXBuildFile section */
		D00AB88F2C4A7FE60024E687 /* Localizable.strings in Resources */ = {isa = PBXBuildFile; fileRef = D00AB88D2C4A7FE60024E687 /* Localizable.strings */; };
		D09D27462C498CA900759E94 /* WeatherCell.xib in Resources */ = {isa = PBXBuildFile; fileRef = D09D27452C498CA900759E94 /* WeatherCell.xib */; };
		D09D27472C498CA900759E94 /* WeatherCell.swift in Sources */ = {isa = PBXBuildFile; fileRef = D09D27442C498CA900759E94 /* WeatherCell.swift */; };
		D0A3D1882C4943D1003C7D57 /* AppDelegate.swift in Sources */ = {isa = PBXBuildFile; fileRef = D0A3D1872C4943D1003C7D57 /* AppDelegate.swift */; };
		D0A3D18A2C4943D1003C7D57 /* SceneDelegate.swift in Sources */ = {isa = PBXBuildFile; fileRef = D0A3D1892C4943D1003C7D57 /* SceneDelegate.swift */; };
		D0A3D18C2C4943D1003C7D57 /* ViewController.swift in Sources */ = {isa = PBXBuildFile; fileRef = D0A3D18B2C4943D1003C7D57 /* ViewController.swift */; };
		D0A3D18F2C4943D1003C7D57 /* Base in Resources */ = {isa = PBXBuildFile; fileRef = D0A3D18E2C4943D1003C7D57 /* Base */; };
		D0A3D1912C4943D2003C7D57 /* Assets.xcassets in Resources */ = {isa = PBXBuildFile; fileRef = D0A3D1902C4943D2003C7D57 /* Assets.xcassets */; };
		D0A3D1942C4943D2003C7D57 /* Base in Resources */ = {isa = PBXBuildFile; fileRef = D0A3D1932C4943D2003C7D57 /* Base */; };
		D0C103032C49F42F0081ADBD /* Constants.swift in Sources */ = {isa = PBXBuildFile; fileRef = D0C103022C49F42F0081ADBD /* Constants.swift */; };
		D0C103052C49F68E0081ADBD /* Weather.swift in Sources */ = {isa = PBXBuildFile; fileRef = D0C103042C49F68E0081ADBD /* Weather.swift */; };
/* End PBXBuildFile section */

/* Begin PBXFileReference section */
		D00AB88E2C4A7FE60024E687 /* en */ = {isa = PBXFileReference; lastKnownFileType = text.plist.strings; name = en; path = en.lproj/Localizable.strings; sourceTree = "<group>"; };
		D00AB8902C4A7FFD0024E687 /* ru */ = {isa = PBXFileReference; lastKnownFileType = text.plist.strings; name = ru; path = ru.lproj/Main.strings; sourceTree = "<group>"; };
		D00AB8912C4A7FFD0024E687 /* ru */ = {isa = PBXFileReference; lastKnownFileType = text.plist.strings; name = ru; path = ru.lproj/Localizable.strings; sourceTree = "<group>"; };
		D09D27442C498CA900759E94 /* WeatherCell.swift */ = {isa = PBXFileReference; lastKnownFileType = sourcecode.swift; path = WeatherCell.swift; sourceTree = "<group>"; };
		D09D27452C498CA900759E94 /* WeatherCell.xib */ = {isa = PBXFileReference; lastKnownFileType = file.xib; path = WeatherCell.xib; sourceTree = "<group>"; };
		D0A3D1842C4943D1003C7D57 /* iWeatherScape.app */ = {isa = PBXFileReference; explicitFileType = wrapper.application; includeInIndex = 0; path = iWeatherScape.app; sourceTree = BUILT_PRODUCTS_DIR; };
		D0A3D1872C4943D1003C7D57 /* AppDelegate.swift */ = {isa = PBXFileReference; lastKnownFileType = sourcecode.swift; path = AppDelegate.swift; sourceTree = "<group>"; };
		D0A3D1892C4943D1003C7D57 /* SceneDelegate.swift */ = {isa = PBXFileReference; lastKnownFileType = sourcecode.swift; path = SceneDelegate.swift; sourceTree = "<group>"; };
		D0A3D18B2C4943D1003C7D57 /* ViewController.swift */ = {isa = PBXFileReference; lastKnownFileType = sourcecode.swift; path = ViewController.swift; sourceTree = "<group>"; };
		D0A3D18E2C4943D1003C7D57 /* Base */ = {isa = PBXFileReference; lastKnownFileType = file.storyboard; name = Base; path = Base.lproj/Main.storyboard; sourceTree = "<group>"; };
		D0A3D1902C4943D2003C7D57 /* Assets.xcassets */ = {isa = PBXFileReference; lastKnownFileType = folder.assetcatalog; path = Assets.xcassets; sourceTree = "<group>"; };
		D0A3D1932C4943D2003C7D57 /* Base */ = {isa = PBXFileReference; lastKnownFileType = file.storyboard; name = Base; path = Base.lproj/LaunchScreen.storyboard; sourceTree = "<group>"; };
		D0A3D1952C4943D2003C7D57 /* Info.plist */ = {isa = PBXFileReference; lastKnownFileType = text.plist.xml; path = Info.plist; sourceTree = "<group>"; };
		D0C103022C49F42F0081ADBD /* Constants.swift */ = {isa = PBXFileReference; lastKnownFileType = sourcecode.swift; path = Constants.swift; sourceTree = "<group>"; };
		D0C103042C49F68E0081ADBD /* Weather.swift */ = {isa = PBXFileReference; lastKnownFileType = sourcecode.swift; path = Weather.swift; sourceTree = "<group>"; };
/* End PBXFileReference section */

/* Begin PBXFrameworksBuildPhase section */
		D0A3D1812C4943D1003C7D57 /* Frameworks */ = {
			isa = PBXFrameworksBuildPhase;
			buildActionMask = 2147483647;
			files = (
			);
			runOnlyForDeploymentPostprocessing = 0;
		};
/* End PBXFrameworksBuildPhase section */

/* Begin PBXGroup section */
		D09D27412C49886300759E94 /* Controller */ = {
			isa = PBXGroup;
			children = (
				D0A3D18B2C4943D1003C7D57 /* ViewController.swift */,
			);
			path = Controller;
			sourceTree = "<group>";
		};
		D09D27422C49886F00759E94 /* View */ = {
			isa = PBXGroup;
			children = (
				D09D27442C498CA900759E94 /* WeatherCell.swift */,
				D09D27452C498CA900759E94 /* WeatherCell.xib */,
				D0A3D18D2C4943D1003C7D57 /* Main.storyboard */,
			);
			path = View;
			sourceTree = "<group>";
		};
		D09D27432C49888A00759E94 /* Model */ = {
			isa = PBXGroup;
			children = (
				D0C103022C49F42F0081ADBD /* Constants.swift */,
				D0C103042C49F68E0081ADBD /* Weather.swift */,
			);
			path = Model;
			sourceTree = "<group>";
		};
		D0A3D17B2C4943D1003C7D57 = {
			isa = PBXGroup;
			children = (
				D00AB88D2C4A7FE60024E687 /* Localizable.strings */,
				D0A3D1862C4943D1003C7D57 /* iWeatherScape */,
				D0A3D1852C4943D1003C7D57 /* Products */,
			);
			sourceTree = "<group>";
		};
		D0A3D1852C4943D1003C7D57 /* Products */ = {
			isa = PBXGroup;
			children = (
				D0A3D1842C4943D1003C7D57 /* iWeatherScape.app */,
			);
			name = Products;
			sourceTree = "<group>";
		};
		D0A3D1862C4943D1003C7D57 /* iWeatherScape */ = {
			isa = PBXGroup;
			children = (
				D0A3D1872C4943D1003C7D57 /* AppDelegate.swift */,
				D0A3D1892C4943D1003C7D57 /* SceneDelegate.swift */,
				D09D27432C49888A00759E94 /* Model */,
				D09D27412C49886300759E94 /* Controller */,
				D09D27422C49886F00759E94 /* View */,
				D0A3D1902C4943D2003C7D57 /* Assets.xcassets */,
				D0A3D1922C4943D2003C7D57 /* LaunchScreen.storyboard */,
				D0A3D1952C4943D2003C7D57 /* Info.plist */,
			);
			path = iWeatherScape;
			sourceTree = "<group>";
		};
/* End PBXGroup section */

/* Begin PBXNativeTarget section */
		D0A3D1832C4943D1003C7D57 /* iWeatherScape */ = {
			isa = PBXNativeTarget;
			buildConfigurationList = D0A3D1982C4943D2003C7D57 /* Build configuration list for PBXNativeTarget "iWeatherScape" */;
			buildPhases = (
				D0A3D1802C4943D1003C7D57 /* Sources */,
				D0A3D1812C4943D1003C7D57 /* Frameworks */,
				D0A3D1822C4943D1003C7D57 /* Resources */,
			);
			buildRules = (
			);
			dependencies = (
			);
			name = iWeatherScape;
			productName = iWeatherScape;
			productReference = D0A3D1842C4943D1003C7D57 /* iWeatherScape.app */;
			productType = "com.apple.product-type.application";
		};
/* End PBXNativeTarget section */

/* Begin PBXProject section */
		D0A3D17C2C4943D1003C7D57 /* Project object */ = {
			isa = PBXProject;
			attributes = {
				BuildIndependentTargetsInParallel = 1;
				LastSwiftUpdateCheck = 1540;
				LastUpgradeCheck = 1540;
				TargetAttributes = {
					D0A3D1832C4943D1003C7D57 = {
						CreatedOnToolsVersion = 15.4;
					};
				};
			};
			buildConfigurationList = D0A3D17F2C4943D1003C7D57 /* Build configuration list for PBXProject "iWeatherScape" */;
			compatibilityVersion = "Xcode 14.0";
			developmentRegion = en;
			hasScannedForEncodings = 0;
			knownRegions = (
				en,
				Base,
				ru,
			);
			mainGroup = D0A3D17B2C4943D1003C7D57;
			productRefGroup = D0A3D1852C4943D1003C7D57 /* Products */;
			projectDirPath = "";
			projectRoot = "";
			targets = (
				D0A3D1832C4943D1003C7D57 /* iWeatherScape */,
			);
		};
/* End PBXProject section */

/* Begin PBXResourcesBuildPhase section */
		D0A3D1822C4943D1003C7D57 /* Resources */ = {
			isa = PBXResourcesBuildPhase;
			buildActionMask = 2147483647;
			files = (
				D00AB88F2C4A7FE60024E687 /* Localizable.strings in Resources */,
				D0A3D1912C4943D2003C7D57 /* Assets.xcassets in Resources */,
				D09D27462C498CA900759E94 /* WeatherCell.xib in Resources */,
				D0A3D1942C4943D2003C7D57 /* Base in Resources */,
				D0A3D18F2C4943D1003C7D57 /* Base in Resources */,
			);
			runOnlyForDeploymentPostprocessing = 0;
		};
/* End PBXResourcesBuildPhase section */

/* Begin PBXSourcesBuildPhase section */
		D0A3D1802C4943D1003C7D57 /* Sources */ = {
			isa = PBXSourcesBuildPhase;
			buildActionMask = 2147483647;
			files = (
				D0C103032C49F42F0081ADBD /* Constants.swift in Sources */,
				D0A3D18C2C4943D1003C7D57 /* ViewController.swift in Sources */,
				D09D27472C498CA900759E94 /* WeatherCell.swift in Sources */,
				D0A3D1882C4943D1003C7D57 /* AppDelegate.swift in Sources */,
				D0C103052C49F68E0081ADBD /* Weather.swift in Sources */,
				D0A3D18A2C4943D1003C7D57 /* SceneDelegate.swift in Sources */,
			);
			runOnlyForDeploymentPostprocessing = 0;
		};
/* End PBXSourcesBuildPhase section */

/* Begin PBXVariantGroup section */
		D00AB88D2C4A7FE60024E687 /* Localizable.strings */ = {
			isa = PBXVariantGroup;
			children = (
				D00AB88E2C4A7FE60024E687 /* en */,
				D00AB8912C4A7FFD0024E687 /* ru */,
			);
			name = Localizable.strings;
			sourceTree = "<group>";
		};
		D0A3D18D2C4943D1003C7D57 /* Main.storyboard */ = {
			isa = PBXVariantGroup;
			children = (
				D0A3D18E2C4943D1003C7D57 /* Base */,
				D00AB8902C4A7FFD0024E687 /* ru */,
			);
			name = Main.storyboard;
			sourceTree = "<group>";
		};
		D0A3D1922C4943D2003C7D57 /* LaunchScreen.storyboard */ = {
			isa = PBXVariantGroup;
			children = (
				D0A3D1932C4943D2003C7D57 /* Base */,
			);
			name = LaunchScreen.storyboard;
			sourceTree = "<group>";
		};
/* End PBXVariantGroup section */

/* Begin XCBuildConfiguration section */
		D0A3D1962C4943D2003C7D57 /* Debug */ = {
			isa = XCBuildConfiguration;
			buildSettings = {
				ALWAYS_SEARCH_USER_PATHS = NO;
				ASSETCATALOG_COMPILER_GENERATE_SWIFT_ASSET_SYMBOL_EXTENSIONS = YES;
				CLANG_ANALYZER_LOCALIZABILITY_NONLOCALIZED = YES;
				CLANG_ANALYZER_NONNULL = YES;
				CLANG_ANALYZER_NUMBER_OBJECT_CONVERSION = YES_AGGRESSIVE;
				CLANG_CXX_LANGUAGE_STANDARD = "gnu++20";
				CLANG_ENABLE_MODULES = YES;
				CLANG_ENABLE_OBJC_ARC = YES;
				CLANG_ENABLE_OBJC_WEAK = YES;
				CLANG_WARN_BLOCK_CAPTURE_AUTORELEASING = YES;
				CLANG_WARN_BOOL_CONVERSION = YES;
				CLANG_WARN_COMMA = YES;
				CLANG_WARN_CONSTANT_CONVERSION = YES;
				CLANG_WARN_DEPRECATED_OBJC_IMPLEMENTATIONS = YES;
				CLANG_WARN_DIRECT_OBJC_ISA_USAGE = YES_ERROR;
				CLANG_WARN_DOCUMENTATION_COMMENTS = YES;
				CLANG_WARN_EMPTY_BODY = YES;
				CLANG_WARN_ENUM_CONVERSION = YES;
				CLANG_WARN_INFINITE_RECURSION = YES;
				CLANG_WARN_INT_CONVERSION = YES;
				CLANG_WARN_NON_LITERAL_NULL_CONVERSION = YES;
				CLANG_WARN_OBJC_IMPLICIT_RETAIN_SELF = YES;
				CLANG_WARN_OBJC_LITERAL_CONVERSION = YES;
				CLANG_WARN_OBJC_ROOT_CLASS = YES_ERROR;
				CLANG_WARN_QUOTED_INCLUDE_IN_FRAMEWORK_HEADER = YES;
				CLANG_WARN_RANGE_LOOP_ANALYSIS = YES;
				CLANG_WARN_STRICT_PROTOTYPES = YES;
				CLANG_WARN_SUSPICIOUS_MOVE = YES;
				CLANG_WARN_UNGUARDED_AVAILABILITY = YES_AGGRESSIVE;
				CLANG_WARN_UNREACHABLE_CODE = YES;
				CLANG_WARN__DUPLICATE_METHOD_MATCH = YES;
				COPY_PHASE_STRIP = NO;
				DEBUG_INFORMATION_FORMAT = dwarf;
				ENABLE_STRICT_OBJC_MSGSEND = YES;
				ENABLE_TESTABILITY = YES;
				ENABLE_USER_SCRIPT_SANDBOXING = YES;
				GCC_C_LANGUAGE_STANDARD = gnu17;
				GCC_DYNAMIC_NO_PIC = NO;
				GCC_NO_COMMON_BLOCKS = YES;
				GCC_OPTIMIZATION_LEVEL = 0;
				GCC_PREPROCESSOR_DEFINITIONS = (
					"DEBUG=1",
					"$(inherited)",
				);
				GCC_WARN_64_TO_32_BIT_CONVERSION = YES;
				GCC_WARN_ABOUT_RETURN_TYPE = YES_ERROR;
				GCC_WARN_UNDECLARED_SELECTOR = YES;
				GCC_WARN_UNINITIALIZED_AUTOS = YES_AGGRESSIVE;
				GCC_WARN_UNUSED_FUNCTION = YES;
				GCC_WARN_UNUSED_VARIABLE = YES;
				IPHONEOS_DEPLOYMENT_TARGET = 17.5;
				LOCALIZATION_PREFERS_STRING_CATALOGS = YES;
				MTL_ENABLE_DEBUG_INFO = INCLUDE_SOURCE;
				MTL_FAST_MATH = YES;
				ONLY_ACTIVE_ARCH = YES;
				SDKROOT = iphoneos;
				SWIFT_ACTIVE_COMPILATION_CONDITIONS = "DEBUG $(inherited)";
				SWIFT_OPTIMIZATION_LEVEL = "-Onone";
			};
			name = Debug;
		};
		D0A3D1972C4943D2003C7D57 /* Release */ = {
			isa = XCBuildConfiguration;
			buildSettings = {
				ALWAYS_SEARCH_USER_PATHS = NO;
				ASSETCATALOG_COMPILER_GENERATE_SWIFT_ASSET_SYMBOL_EXTENSIONS = YES;
				CLANG_ANALYZER_LOCALIZABILITY_NONLOCALIZED = YES;
				CLANG_ANALYZER_NONNULL = YES;
				CLANG_ANALYZER_NUMBER_OBJECT_CONVERSION = YES_AGGRESSIVE;
				CLANG_CXX_LANGUAGE_STANDARD = "gnu++20";
				CLANG_ENABLE_MODULES = YES;
				CLANG_ENABLE_OBJC_ARC = YES;
				CLANG_ENABLE_OBJC_WEAK = YES;
				CLANG_WARN_BLOCK_CAPTURE_AUTORELEASING = YES;
				CLANG_WARN_BOOL_CONVERSION = YES;
				CLANG_WARN_COMMA = YES;
				CLANG_WARN_CONSTANT_CONVERSION = YES;
				CLANG_WARN_DEPRECATED_OBJC_IMPLEMENTATIONS = YES;
				CLANG_WARN_DIRECT_OBJC_ISA_USAGE = YES_ERROR;
				CLANG_WARN_DOCUMENTATION_COMMENTS = YES;
				CLANG_WARN_EMPTY_BODY = YES;
				CLANG_WARN_ENUM_CONVERSION = YES;
				CLANG_WARN_INFINITE_RECURSION = YES;
				CLANG_WARN_INT_CONVERSION = YES;
				CLANG_WARN_NON_LITERAL_NULL_CONVERSION = YES;
				CLANG_WARN_OBJC_IMPLICIT_RETAIN_SELF = YES;
				CLANG_WARN_OBJC_LITERAL_CONVERSION = YES;
				CLANG_WARN_OBJC_ROOT_CLASS = YES_ERROR;
				CLANG_WARN_QUOTED_INCLUDE_IN_FRAMEWORK_HEADER = YES;
				CLANG_WARN_RANGE_LOOP_ANALYSIS = YES;
				CLANG_WARN_STRICT_PROTOTYPES = YES;
				CLANG_WARN_SUSPICIOUS_MOVE = YES;
				CLANG_WARN_UNGUARDED_AVAILABILITY = YES_AGGRESSIVE;
				CLANG_WARN_UNREACHABLE_CODE = YES;
				CLANG_WARN__DUPLICATE_METHOD_MATCH = YES;
				COPY_PHASE_STRIP = NO;
				DEBUG_INFORMATION_FORMAT = "dwarf-with-dsym";
				ENABLE_NS_ASSERTIONS = NO;
				ENABLE_STRICT_OBJC_MSGSEND = YES;
				ENABLE_USER_SCRIPT_SANDBOXING = YES;
				GCC_C_LANGUAGE_STANDARD = gnu17;
				GCC_NO_COMMON_BLOCKS = YES;
				GCC_WARN_64_TO_32_BIT_CONVERSION = YES;
				GCC_WARN_ABOUT_RETURN_TYPE = YES_ERROR;
				GCC_WARN_UNDECLARED_SELECTOR = YES;
				GCC_WARN_UNINITIALIZED_AUTOS = YES_AGGRESSIVE;
				GCC_WARN_UNUSED_FUNCTION = YES;
				GCC_WARN_UNUSED_VARIABLE = YES;
				IPHONEOS_DEPLOYMENT_TARGET = 17.5;
				LOCALIZATION_PREFERS_STRING_CATALOGS = YES;
				MTL_ENABLE_DEBUG_INFO = NO;
				MTL_FAST_MATH = YES;
				SDKROOT = iphoneos;
				SWIFT_COMPILATION_MODE = wholemodule;
				VALIDATE_PRODUCT = YES;
			};
			name = Release;
		};
		D0A3D1992C4943D2003C7D57 /* Debug */ = {
			isa = XCBuildConfiguration;
			buildSettings = {
				ASSETCATALOG_COMPILER_APPICON_NAME = AppIcon;
				ASSETCATALOG_COMPILER_GLOBAL_ACCENT_COLOR_NAME = AccentColor;
				CODE_SIGN_STYLE = Automatic;
				CURRENT_PROJECT_VERSION = 1;
				DEVELOPMENT_TEAM = DPQ98A8CD6;
				GENERATE_INFOPLIST_FILE = YES;
				INFOPLIST_FILE = iWeatherScape/Info.plist;
				INFOPLIST_KEY_UIApplicationSupportsIndirectInputEvents = YES;
				INFOPLIST_KEY_UILaunchStoryboardName = LaunchScreen;
				INFOPLIST_KEY_UIMainStoryboardFile = Main;
				INFOPLIST_KEY_UISupportedInterfaceOrientations_iPad = "UIInterfaceOrientationPortrait UIInterfaceOrientationPortraitUpsideDown UIInterfaceOrientationLandscapeLeft UIInterfaceOrientationLandscapeRight";
				INFOPLIST_KEY_UISupportedInterfaceOrientations_iPhone = "UIInterfaceOrientationPortrait UIInterfaceOrientationLandscapeLeft UIInterfaceOrientationLandscapeRight";
				IPHONEOS_DEPLOYMENT_TARGET = 13.0;
				LD_RUNPATH_SEARCH_PATHS = (
					"$(inherited)",
					"@executable_path/Frameworks",
				);
				MARKETING_VERSION = 1.0;
				PRODUCT_BUNDLE_IDENTIFIER = com.bakhromusmanov.iWeatherScape;
				PRODUCT_NAME = "$(TARGET_NAME)";
				SWIFT_EMIT_LOC_STRINGS = YES;
				SWIFT_VERSION = 5.0;
				TARGETED_DEVICE_FAMILY = "1,2";
			};
			name = Debug;
		};
		D0A3D19A2C4943D2003C7D57 /* Release */ = {
			isa = XCBuildConfiguration;
			buildSettings = {
				ASSETCATALOG_COMPILER_APPICON_NAME = AppIcon;
				ASSETCATALOG_COMPILER_GLOBAL_ACCENT_COLOR_NAME = AccentColor;
				CODE_SIGN_STYLE = Automatic;
				CURRENT_PROJECT_VERSION = 1;
				DEVELOPMENT_TEAM = DPQ98A8CD6;
				GENERATE_INFOPLIST_FILE = YES;
				INFOPLIST_FILE = iWeatherScape/Info.plist;
				INFOPLIST_KEY_UIApplicationSupportsIndirectInputEvents = YES;
				INFOPLIST_KEY_UILaunchStoryboardName = LaunchScreen;
				INFOPLIST_KEY_UIMainStoryboardFile = Main;
				INFOPLIST_KEY_UISupportedInterfaceOrientations_iPad = "UIInterfaceOrientationPortrait UIInterfaceOrientationPortraitUpsideDown UIInterfaceOrientationLandscapeLeft UIInterfaceOrientationLandscapeRight";
				INFOPLIST_KEY_UISupportedInterfaceOrientations_iPhone = "UIInterfaceOrientationPortrait UIInterfaceOrientationLandscapeLeft UIInterfaceOrientationLandscapeRight";
				IPHONEOS_DEPLOYMENT_TARGET = 13.0;
				LD_RUNPATH_SEARCH_PATHS = (
					"$(inherited)",
					"@executable_path/Frameworks",
				);
				MARKETING_VERSION = 1.0;
				PRODUCT_BUNDLE_IDENTIFIER = com.bakhromusmanov.iWeatherScape;
				PRODUCT_NAME = "$(TARGET_NAME)";
				SWIFT_EMIT_LOC_STRINGS = YES;
				SWIFT_VERSION = 5.0;
				TARGETED_DEVICE_FAMILY = "1,2";
			};
			name = Release;
		};
/* End XCBuildConfiguration section */

/* Begin XCConfigurationList section */
		D0A3D17F2C4943D1003C7D57 /* Build configuration list for PBXProject "iWeatherScape" */ = {
			isa = XCConfigurationList;
			buildConfigurations = (
				D0A3D1962C4943D2003C7D57 /* Debug */,
				D0A3D1972C4943D2003C7D57 /* Release */,
			);
			defaultConfigurationIsVisible = 0;
			defaultConfigurationName = Release;
		};
		D0A3D1982C4943D2003C7D57 /* Build configuration list for PBXNativeTarget "iWeatherScape" */ = {
			isa = XCConfigurationList;
			buildConfigurations = (
				D0A3D1992C4943D2003C7D57 /* Debug */,
				D0A3D19A2C4943D2003C7D57 /* Release */,
			);
			defaultConfigurationIsVisible = 0;
			defaultConfigurationName = Release;
		};
/* End XCConfigurationList section */
	};
	rootObject = D0A3D17C2C4943D1003C7D57 /* Project object */;
}
